
Microsoft Visual Studio Solution File, Format Version 12.00
# Visual Studio Version 16
VisualStudioVersion = 16.0.30717.126
MinimumVisualStudioVersion = 10.0.40219.1
Project("{8BC9CEB8-8B4A-11D0-8D11-00A0C91BC942}") = "la_frontera", "la_frontera.vcxproj", "{B1AEA6C2-6522-423C-80E4-67711905AB9D}"
EndProject
Global
	GlobalSection(SolutionConfigurationPlatforms) = preSolution
		Debug|x64 = Debug|x64
		Debug|x86 = Debug|x86
		Release|x64 = Release|x64
		Release|x86 = Release|x86
	EndGlobalSection
	GlobalSection(ProjectConfigurationPlatforms) = postSolution
		{B1AEA6C2-6522-423C-80E4-67711905AB9D}.Debug|x64.ActiveCfg = Debug|x64
		{B1AEA6C2-6522-423C-80E4-67711905AB9D}.Debug|x64.Build.0 = Debug|x64
		{B1AEA6C2-6522-423C-80E4-67711905AB9D}.Debug|x86.ActiveCfg = Debug|Win32
		{B1AEA6C2-6522-423C-80E4-67711905AB9D}.Debug|x86.Build.0 = Debug|Win32
		{B1AEA6C2-6522-423C-80E4-67711905AB9D}.Release|x64.ActiveCfg = Release|x64
		{B1AEA6C2-6522-423C-80E4-67711905AB9D}.Release|x64.Build.0 = Release|x64
		{B1AEA6C2-6522-423C-80E4-67711905AB9D}.Release|x86.ActiveCfg = Release|Win32
		{B1AEA6C2-6522-423C-80E4-67711905AB9D}.Release|x86.Build.0 = Release|Win32
	EndGlobalSection
	GlobalSection(SolutionProperties) = preSolution
		HideSolutionNode = FALSE
	EndGlobalSection
	GlobalSection(ExtensibilityGlobals) = postSolution
		SolutionGuid = {125DC9DE-2EAE-4DE8-BC28-FFAA45B2343E}
	EndGlobalSection
EndGlobal
