
Microsoft Visual Studio Solution File, Format Version 12.00
# Visual Studio Version 16
VisualStudioVersion = 16.0.30717.126
MinimumVisualStudioVersion = 10.0.40219.1
Project("{8BC9CEB8-8B4A-11D0-8D11-00A0C91BC942}") = "reordenando_la_cola", "reordenando_la_cola.vcxproj", "{1D2734EE-EE44-45FA-B5A8-9FA311CDAFB2}"
EndProject
Global
	GlobalSection(SolutionConfigurationPlatforms) = preSolution
		Debug|x64 = Debug|x64
		Debug|x86 = Debug|x86
		Release|x64 = Release|x64
		Release|x86 = Release|x86
	EndGlobalSection
	GlobalSection(ProjectConfigurationPlatforms) = postSolution
		{1D2734EE-EE44-45FA-B5A8-9FA311CDAFB2}.Debug|x64.ActiveCfg = Debug|x64
		{1D2734EE-EE44-45FA-B5A8-9FA311CDAFB2}.Debug|x64.Build.0 = Debug|x64
		{1D2734EE-EE44-45FA-B5A8-9FA311CDAFB2}.Debug|x86.ActiveCfg = Debug|Win32
		{1D2734EE-EE44-45FA-B5A8-9FA311CDAFB2}.Debug|x86.Build.0 = Debug|Win32
		{1D2734EE-EE44-45FA-B5A8-9FA311CDAFB2}.Release|x64.ActiveCfg = Release|x64
		{1D2734EE-EE44-45FA-B5A8-9FA311CDAFB2}.Release|x64.Build.0 = Release|x64
		{1D2734EE-EE44-45FA-B5A8-9FA311CDAFB2}.Release|x86.ActiveCfg = Release|Win32
		{1D2734EE-EE44-45FA-B5A8-9FA311CDAFB2}.Release|x86.Build.0 = Release|Win32
	EndGlobalSection
	GlobalSection(SolutionProperties) = preSolution
		HideSolutionNode = FALSE
	EndGlobalSection
	GlobalSection(ExtensibilityGlobals) = postSolution
		SolutionGuid = {94699F34-4F6E-4205-8E5C-651EE80A6E74}
	EndGlobalSection
EndGlobal
