
Microsoft Visual Studio Solution File, Format Version 12.00
# Visual Studio Version 16
VisualStudioVersion = 16.0.30717.126
MinimumVisualStudioVersion = 10.0.40219.1
Project("{8BC9CEB8-8B4A-11D0-8D11-00A0C91BC942}") = "elemento_minimo_de_un_arbol", "elemento_minimo_de_un_arbol.vcxproj", "{5525B2DA-C071-4B3D-8E81-A1B7A3110EE4}"
EndProject
Global
	GlobalSection(SolutionConfigurationPlatforms) = preSolution
		Debug|x64 = Debug|x64
		Debug|x86 = Debug|x86
		Release|x64 = Release|x64
		Release|x86 = Release|x86
	EndGlobalSection
	GlobalSection(ProjectConfigurationPlatforms) = postSolution
		{5525B2DA-C071-4B3D-8E81-A1B7A3110EE4}.Debug|x64.ActiveCfg = Debug|x64
		{5525B2DA-C071-4B3D-8E81-A1B7A3110EE4}.Debug|x64.Build.0 = Debug|x64
		{5525B2DA-C071-4B3D-8E81-A1B7A3110EE4}.Debug|x86.ActiveCfg = Debug|Win32
		{5525B2DA-C071-4B3D-8E81-A1B7A3110EE4}.Debug|x86.Build.0 = Debug|Win32
		{5525B2DA-C071-4B3D-8E81-A1B7A3110EE4}.Release|x64.ActiveCfg = Release|x64
		{5525B2DA-C071-4B3D-8E81-A1B7A3110EE4}.Release|x64.Build.0 = Release|x64
		{5525B2DA-C071-4B3D-8E81-A1B7A3110EE4}.Release|x86.ActiveCfg = Release|Win32
		{5525B2DA-C071-4B3D-8E81-A1B7A3110EE4}.Release|x86.Build.0 = Release|Win32
	EndGlobalSection
	GlobalSection(SolutionProperties) = preSolution
		HideSolutionNode = FALSE
	EndGlobalSection
	GlobalSection(ExtensibilityGlobals) = postSolution
		SolutionGuid = {BC4A13A8-E381-44BE-9A69-CC1856118B6D}
	EndGlobalSection
EndGlobal
