
Microsoft Visual Studio Solution File, Format Version 12.00
# Visual Studio Version 16
VisualStudioVersion = 16.0.30717.126
MinimumVisualStudioVersion = 10.0.40219.1
Project("{8BC9CEB8-8B4A-11D0-8D11-00A0C91BC942}") = "TAD_lineas_de_metro", "TAD_lineas_de_metro.vcxproj", "{A189E79D-8A0B-4365-9A0B-3B3DE533BED8}"
EndProject
Global
	GlobalSection(SolutionConfigurationPlatforms) = preSolution
		Debug|x64 = Debug|x64
		Debug|x86 = Debug|x86
		Release|x64 = Release|x64
		Release|x86 = Release|x86
	EndGlobalSection
	GlobalSection(ProjectConfigurationPlatforms) = postSolution
		{A189E79D-8A0B-4365-9A0B-3B3DE533BED8}.Debug|x64.ActiveCfg = Debug|x64
		{A189E79D-8A0B-4365-9A0B-3B3DE533BED8}.Debug|x64.Build.0 = Debug|x64
		{A189E79D-8A0B-4365-9A0B-3B3DE533BED8}.Debug|x86.ActiveCfg = Debug|Win32
		{A189E79D-8A0B-4365-9A0B-3B3DE533BED8}.Debug|x86.Build.0 = Debug|Win32
		{A189E79D-8A0B-4365-9A0B-3B3DE533BED8}.Release|x64.ActiveCfg = Release|x64
		{A189E79D-8A0B-4365-9A0B-3B3DE533BED8}.Release|x64.Build.0 = Release|x64
		{A189E79D-8A0B-4365-9A0B-3B3DE533BED8}.Release|x86.ActiveCfg = Release|Win32
		{A189E79D-8A0B-4365-9A0B-3B3DE533BED8}.Release|x86.Build.0 = Release|Win32
	EndGlobalSection
	GlobalSection(SolutionProperties) = preSolution
		HideSolutionNode = FALSE
	EndGlobalSection
	GlobalSection(ExtensibilityGlobals) = postSolution
		SolutionGuid = {59899BC5-BC12-4B1B-B3A3-D050DAC16196}
	EndGlobalSection
EndGlobal
