
Microsoft Visual Studio Solution File, Format Version 12.00
# Visual Studio Version 16
VisualStudioVersion = 16.0.30717.126
MinimumVisualStudioVersion = 10.0.40219.1
Project("{8BC9CEB8-8B4A-11D0-8D11-00A0C91BC942}") = "concatenar_dos_listas_doblemente_enlazadas_circulares", "concatenar_dos_listas_doblemente_enlazadas_circulares.vcxproj", "{01EFDDB5-F02D-4984-B01E-525B5F5549E2}"
EndProject
Global
	GlobalSection(SolutionConfigurationPlatforms) = preSolution
		Debug|x64 = Debug|x64
		Debug|x86 = Debug|x86
		Release|x64 = Release|x64
		Release|x86 = Release|x86
	EndGlobalSection
	GlobalSection(ProjectConfigurationPlatforms) = postSolution
		{01EFDDB5-F02D-4984-B01E-525B5F5549E2}.Debug|x64.ActiveCfg = Debug|x64
		{01EFDDB5-F02D-4984-B01E-525B5F5549E2}.Debug|x64.Build.0 = Debug|x64
		{01EFDDB5-F02D-4984-B01E-525B5F5549E2}.Debug|x86.ActiveCfg = Debug|Win32
		{01EFDDB5-F02D-4984-B01E-525B5F5549E2}.Debug|x86.Build.0 = Debug|Win32
		{01EFDDB5-F02D-4984-B01E-525B5F5549E2}.Release|x64.ActiveCfg = Release|x64
		{01EFDDB5-F02D-4984-B01E-525B5F5549E2}.Release|x64.Build.0 = Release|x64
		{01EFDDB5-F02D-4984-B01E-525B5F5549E2}.Release|x86.ActiveCfg = Release|Win32
		{01EFDDB5-F02D-4984-B01E-525B5F5549E2}.Release|x86.Build.0 = Release|Win32
	EndGlobalSection
	GlobalSection(SolutionProperties) = preSolution
		HideSolutionNode = FALSE
	EndGlobalSection
	GlobalSection(ExtensibilityGlobals) = postSolution
		SolutionGuid = {D1D72A50-25C2-4643-A80A-7AB89343FCE8}
	EndGlobalSection
EndGlobal
